{
  "name": "clients",
  "lockfileVersion": 3,
  "requires": true,
  "packages": {
    "": {
      "dependencies": {
        "fern-api": "0.10.15"
      }
    },
    "node_modules/fern-api": {
      "version": "0.10.15",
      "resolved": "https://registry.npmjs.org/fern-api/-/fern-api-0.10.15.tgz",
      "integrity": "sha512-xFEjF5K2Ekqh+9H0GTu1AM6krfGKowgYprp7Z9eKTURAXR34MBwc8EEAVUueqJpdbKi3CnvjaKkcmvARE07Y3A==",
      "bin": {
        "fern": "cli.cjs"
      }
    }
  }
}
