{
  "name": "clients",
  "lockfileVersion": 3,
  "requires": true,
  "packages": {
    "": {
      "dependencies": {
        "fern-api": "0.10.13"
      }
    },
    "node_modules/fern-api": {
      "version": "0.10.13",
      "resolved": "https://registry.npmjs.org/fern-api/-/fern-api-0.10.13.tgz",
      "integrity": "sha512-5JCb2eLGUSzwUpB/oWrX5cjOtMupiM3pj3GcVvDBGn1YHTub2t7hDWCoeohwD5TlMrvwJAjV1FLkHDprF4FORQ==",
      "bin": {
        "fern": "cli.cjs"
      }
    }
  }
}
