{
  "name": "clients",
  "lockfileVersion": 3,
  "requires": true,
  "packages": {
    "": {
      "dependencies": {
        "fern-api": "0.10.24"
      }
    },
    "node_modules/fern-api": {
      "version": "0.10.24",
      "resolved": "https://registry.npmjs.org/fern-api/-/fern-api-0.10.24.tgz",
      "integrity": "sha512-oPWVjuAm+PjvP2olcsaihdAPEhWTF56KWTVy3agT7llc7AAWD9tz+ZXOcHVKP+0azBbIzB1DGYomernl4HvEDA==",
      "bin": {
        "fern": "cli.cjs"
      }
    }
  }
}
